
Microsoft Visual Studio Solution File, Format Version 12.00
# Visual Studio Version 17
VisualStudioVersion = 17.0.31903.59
MinimumVisualStudioVersion = 10.0.40219.1
Project("{FAE04EC0-301F-11D3-BF4B-00C04F79EFBC}") = "API", "API\API.csproj", "{9A699DAE-56C2-4831-A8D5-AEE322F7B8BB}"
EndProject
Project("{FAE04EC0-301F-11D3-BF4B-00C04F79EFBC}") = "Core", "Core\Core.csproj", "{7C116A48-E5EB-47E6-8D18-10D9EA89BEAA}"
EndProject
Project("{FAE04EC0-301F-11D3-BF4B-00C04F79EFBC}") = "Infrastructure", "Infrastructure\Infrastructure.csproj", "{3A0CDE48-DE4D-4FB8-BF5B-A0A759FCD0EA}"
EndProject
Global
	GlobalSection(SolutionConfigurationPlatforms) = preSolution
		Debug|Any CPU = Debug|Any CPU
		Release|Any CPU = Release|Any CPU
	EndGlobalSection
	GlobalSection(SolutionProperties) = preSolution
		HideSolutionNode = FALSE
	EndGlobalSection
	GlobalSection(ProjectConfigurationPlatforms) = postSolution
		{9A699DAE-56C2-4831-A8D5-AEE322F7B8BB}.Debug|Any CPU.ActiveCfg = Debug|Any CPU
		{9A699DAE-56C2-4831-A8D5-AEE322F7B8BB}.Debug|Any CPU.Build.0 = Debug|Any CPU
		{9A699DAE-56C2-4831-A8D5-AEE322F7B8BB}.Release|Any CPU.ActiveCfg = Release|Any CPU
		{9A699DAE-56C2-4831-A8D5-AEE322F7B8BB}.Release|Any CPU.Build.0 = Release|Any CPU
		{7C116A48-E5EB-47E6-8D18-10D9EA89BEAA}.Debug|Any CPU.ActiveCfg = Debug|Any CPU
		{7C116A48-E5EB-47E6-8D18-10D9EA89BEAA}.Debug|Any CPU.Build.0 = Debug|Any CPU
		{7C116A48-E5EB-47E6-8D18-10D9EA89BEAA}.Release|Any CPU.ActiveCfg = Release|Any CPU
		{7C116A48-E5EB-47E6-8D18-10D9EA89BEAA}.Release|Any CPU.Build.0 = Release|Any CPU
		{3A0CDE48-DE4D-4FB8-BF5B-A0A759FCD0EA}.Debug|Any CPU.ActiveCfg = Debug|Any CPU
		{3A0CDE48-DE4D-4FB8-BF5B-A0A759FCD0EA}.Debug|Any CPU.Build.0 = Debug|Any CPU
		{3A0CDE48-DE4D-4FB8-BF5B-A0A759FCD0EA}.Release|Any CPU.ActiveCfg = Release|Any CPU
		{3A0CDE48-DE4D-4FB8-BF5B-A0A759FCD0EA}.Release|Any CPU.Build.0 = Release|Any CPU
	EndGlobalSection
EndGlobal
